
Microsoft Visual Studio Solution File, Format Version 12.00
# Visual Studio Version 17
VisualStudioVersion = 17.11.35327.3
MinimumVisualStudioVersion = 10.0.40219.1
Project("{2150E333-8FDC-42A3-9474-1A3956D46DE8}") = "Bootstrapper", "Bootstrapper", "{AB580C65-96C9-4328-85B6-1CF5E174570B}"
EndProject
Project("{2150E333-8FDC-42A3-9474-1A3956D46DE8}") = "Modules", "Modules", "{12EEBB39-9256-4E15-9E05-1B92176C9C95}"
EndProject
Project("{2150E333-8FDC-42A3-9474-1A3956D46DE8}") = "Shared", "Shared", "{2229D88C-B38D-4268-B3F4-6C9A8812F990}"
EndProject
Project("{FAE04EC0-301F-11D3-BF4B-00C04F79EFBC}") = "Api", "Bootstraper\Api\Api.csproj", "{DB2AEA23-990C-48C4-AFE4-8799B6E84893}"
EndProject
Project("{2150E333-8FDC-42A3-9474-1A3956D46DE8}") = "Catalog", "Catalog", "{55F2DAB3-B5B3-4960-8490-DF75A8354B7D}"
EndProject
Project("{2150E333-8FDC-42A3-9474-1A3956D46DE8}") = "Basket", "Basket", "{87AC1643-F17C-4E88-BD32-055FED07922E}"
EndProject
Project("{2150E333-8FDC-42A3-9474-1A3956D46DE8}") = "Ordering", "Ordering", "{CA190FAD-0C13-43FF-B289-FE2F53C62E26}"
EndProject
Project("{FAE04EC0-301F-11D3-BF4B-00C04F79EFBC}") = "Catalog", "Modules\Catalog\Catalog\Catalog.csproj", "{8F05F8DA-5FF5-4510-8854-ABBAD223E63E}"
EndProject
Project("{FAE04EC0-301F-11D3-BF4B-00C04F79EFBC}") = "Basket", "Modules\Basket\Basket\Basket.csproj", "{FC204AAC-B2C1-411D-9AA6-A88D140A9D8A}"
EndProject
Project("{FAE04EC0-301F-11D3-BF4B-00C04F79EFBC}") = "Ordering", "Modules\Ordering\Ordering\Ordering.csproj", "{A6D15324-AD23-4134-9EF6-E7E0A5425FA7}"
EndProject
Project("{FAE04EC0-301F-11D3-BF4B-00C04F79EFBC}") = "Shared", "Shared\Shared\Shared.csproj", "{48C0D4E5-F2C3-4725-95E6-6ED4D5D00918}"
EndProject
Global
	GlobalSection(SolutionConfigurationPlatforms) = preSolution
		Debug|Any CPU = Debug|Any CPU
		Release|Any CPU = Release|Any CPU
	EndGlobalSection
	GlobalSection(ProjectConfigurationPlatforms) = postSolution
		{DB2AEA23-990C-48C4-AFE4-8799B6E84893}.Debug|Any CPU.ActiveCfg = Debug|Any CPU
		{DB2AEA23-990C-48C4-AFE4-8799B6E84893}.Debug|Any CPU.Build.0 = Debug|Any CPU
		{DB2AEA23-990C-48C4-AFE4-8799B6E84893}.Release|Any CPU.ActiveCfg = Release|Any CPU
		{DB2AEA23-990C-48C4-AFE4-8799B6E84893}.Release|Any CPU.Build.0 = Release|Any CPU
		{8F05F8DA-5FF5-4510-8854-ABBAD223E63E}.Debug|Any CPU.ActiveCfg = Debug|Any CPU
		{8F05F8DA-5FF5-4510-8854-ABBAD223E63E}.Debug|Any CPU.Build.0 = Debug|Any CPU
		{8F05F8DA-5FF5-4510-8854-ABBAD223E63E}.Release|Any CPU.ActiveCfg = Release|Any CPU
		{8F05F8DA-5FF5-4510-8854-ABBAD223E63E}.Release|Any CPU.Build.0 = Release|Any CPU
		{FC204AAC-B2C1-411D-9AA6-A88D140A9D8A}.Debug|Any CPU.ActiveCfg = Debug|Any CPU
		{FC204AAC-B2C1-411D-9AA6-A88D140A9D8A}.Debug|Any CPU.Build.0 = Debug|Any CPU
		{FC204AAC-B2C1-411D-9AA6-A88D140A9D8A}.Release|Any CPU.ActiveCfg = Release|Any CPU
		{FC204AAC-B2C1-411D-9AA6-A88D140A9D8A}.Release|Any CPU.Build.0 = Release|Any CPU
		{A6D15324-AD23-4134-9EF6-E7E0A5425FA7}.Debug|Any CPU.ActiveCfg = Debug|Any CPU
		{A6D15324-AD23-4134-9EF6-E7E0A5425FA7}.Debug|Any CPU.Build.0 = Debug|Any CPU
		{A6D15324-AD23-4134-9EF6-E7E0A5425FA7}.Release|Any CPU.ActiveCfg = Release|Any CPU
		{A6D15324-AD23-4134-9EF6-E7E0A5425FA7}.Release|Any CPU.Build.0 = Release|Any CPU
		{48C0D4E5-F2C3-4725-95E6-6ED4D5D00918}.Debug|Any CPU.ActiveCfg = Debug|Any CPU
		{48C0D4E5-F2C3-4725-95E6-6ED4D5D00918}.Debug|Any CPU.Build.0 = Debug|Any CPU
		{48C0D4E5-F2C3-4725-95E6-6ED4D5D00918}.Release|Any CPU.ActiveCfg = Release|Any CPU
		{48C0D4E5-F2C3-4725-95E6-6ED4D5D00918}.Release|Any CPU.Build.0 = Release|Any CPU
	EndGlobalSection
	GlobalSection(SolutionProperties) = preSolution
		HideSolutionNode = FALSE
	EndGlobalSection
	GlobalSection(NestedProjects) = preSolution
		{DB2AEA23-990C-48C4-AFE4-8799B6E84893} = {AB580C65-96C9-4328-85B6-1CF5E174570B}
		{55F2DAB3-B5B3-4960-8490-DF75A8354B7D} = {12EEBB39-9256-4E15-9E05-1B92176C9C95}
		{87AC1643-F17C-4E88-BD32-055FED07922E} = {12EEBB39-9256-4E15-9E05-1B92176C9C95}
		{CA190FAD-0C13-43FF-B289-FE2F53C62E26} = {12EEBB39-9256-4E15-9E05-1B92176C9C95}
		{8F05F8DA-5FF5-4510-8854-ABBAD223E63E} = {55F2DAB3-B5B3-4960-8490-DF75A8354B7D}
		{FC204AAC-B2C1-411D-9AA6-A88D140A9D8A} = {87AC1643-F17C-4E88-BD32-055FED07922E}
		{A6D15324-AD23-4134-9EF6-E7E0A5425FA7} = {CA190FAD-0C13-43FF-B289-FE2F53C62E26}
		{48C0D4E5-F2C3-4725-95E6-6ED4D5D00918} = {2229D88C-B38D-4268-B3F4-6C9A8812F990}
	EndGlobalSection
	GlobalSection(ExtensibilityGlobals) = postSolution
		SolutionGuid = {6F21A36E-CFA0-4763-881A-9508CB76D9FF}
	EndGlobalSection
EndGlobal
